// !$*UTF8*$!
{
	archiveVersion = 1;
	classes = {
	};
	objectVersion = 54;
	objects = {

/* Begin PBXBuildFile section */
		2DBCD8532710552B007D2806 /* AppDelegate.swift in Sources */ = {isa = PBXBuildFile; fileRef = 2DBCD8522710552B007D2806 /* AppDelegate.swift */; };
		2DBCD8552710552B007D2806 /* SceneDelegate.swift in Sources */ = {isa = PBXBuildFile; fileRef = 2DBCD8542710552B007D2806 /* SceneDelegate.swift */; };
		2DBCD8572710552B007D2806 /* ViewController.swift in Sources */ = {isa = PBXBuildFile; fileRef = 2DBCD8562710552B007D2806 /* ViewController.swift */; };
		2DBCD85A2710552B007D2806 /* Main.storyboard in Resources */ = {isa = PBXBuildFile; fileRef = 2DBCD8582710552B007D2806 /* Main.storyboard */; };
		2DBCD85D2710552B007D2806 /* Notes.xcdatamodeld in Sources */ = {isa = PBXBuildFile; fileRef = 2DBCD85B2710552B007D2806 /* Notes.xcdatamodeld */; };
		2DBCD85F2710552D007D2806 /* Assets.xcassets in Resources */ = {isa = PBXBuildFile; fileRef = 2DBCD85E2710552D007D2806 /* Assets.xcassets */; };
		2DBCD8622710552D007D2806 /* LaunchScreen.storyboard in Resources */ = {isa = PBXBuildFile; fileRef = 2DBCD8602710552D007D2806 /* LaunchScreen.storyboard */; };
		2DBCD86B27105910007D2806 /* ListView.swift in Sources */ = {isa = PBXBuildFile; fileRef = 2DBCD86A27105910007D2806 /* ListView.swift */; };
		2DBCD86D27105B32007D2806 /* Constants.swift in Sources */ = {isa = PBXBuildFile; fileRef = 2DBCD86C27105B32007D2806 /* Constants.swift */; };
		2DBCD8722710733B007D2806 /* NotesViewController.swift in Sources */ = {isa = PBXBuildFile; fileRef = 2DBCD8712710733B007D2806 /* NotesViewController.swift */; };
		2DBCD87427107389007D2806 /* NotesView.swift in Sources */ = {isa = PBXBuildFile; fileRef = 2DBCD87327107389007D2806 /* NotesView.swift */; };
		2DBCD87627108C41007D2806 /* SelectedNotesViewController.swift in Sources */ = {isa = PBXBuildFile; fileRef = 2DBCD87527108C41007D2806 /* SelectedNotesViewController.swift */; };
		2DBCD87827108C60007D2806 /* SelectedNotesView.swift in Sources */ = {isa = PBXBuildFile; fileRef = 2DBCD87727108C60007D2806 /* SelectedNotesView.swift */; };
		2DBCD87A2710B5CB007D2806 /* CustomCell.swift in Sources */ = {isa = PBXBuildFile; fileRef = 2DBCD8792710B5CB007D2806 /* CustomCell.swift */; };
		2DBCD87D2710E88C007D2806 /* SearchBarExtension.swift in Sources */ = {isa = PBXBuildFile; fileRef = 2DBCD87C2710E88C007D2806 /* SearchBarExtension.swift */; };
		2DBCD87F271347E9007D2806 /* DoneButton.swift in Sources */ = {isa = PBXBuildFile; fileRef = 2DBCD87E271347E9007D2806 /* DoneButton.swift */; };
		B9AC1C533E4BCBF8B3535DF6 /* Pods_Notes.framework in Frameworks */ = {isa = PBXBuildFile; fileRef = 0CC4986E458C77E9A4AC5755 /* Pods_Notes.framework */; };
/* End PBXBuildFile section */

/* Begin PBXFileReference section */
		0C3CC277B528F3A4002E73BB /* Pods-Notes.release.xcconfig */ = {isa = PBXFileReference; includeInIndex = 1; lastKnownFileType = text.xcconfig; name = "Pods-Notes.release.xcconfig"; path = "Target Support Files/Pods-Notes/Pods-Notes.release.xcconfig"; sourceTree = "<group>"; };
		0CC4986E458C77E9A4AC5755 /* Pods_Notes.framework */ = {isa = PBXFileReference; explicitFileType = wrapper.framework; includeInIndex = 0; path = Pods_Notes.framework; sourceTree = BUILT_PRODUCTS_DIR; };
		2DBCD84F2710552B007D2806 /* Notes.app */ = {isa = PBXFileReference; explicitFileType = wrapper.application; includeInIndex = 0; path = Notes.app; sourceTree = BUILT_PRODUCTS_DIR; };
		2DBCD8522710552B007D2806 /* AppDelegate.swift */ = {isa = PBXFileReference; lastKnownFileType = sourcecode.swift; path = AppDelegate.swift; sourceTree = "<group>"; };
		2DBCD8542710552B007D2806 /* SceneDelegate.swift */ = {isa = PBXFileReference; lastKnownFileType = sourcecode.swift; path = SceneDelegate.swift; sourceTree = "<group>"; };
		2DBCD8562710552B007D2806 /* ViewController.swift */ = {isa = PBXFileReference; lastKnownFileType = sourcecode.swift; path = ViewController.swift; sourceTree = "<group>"; };
		2DBCD8592710552B007D2806 /* Base */ = {isa = PBXFileReference; lastKnownFileType = file.storyboard; name = Base; path = Base.lproj/Main.storyboard; sourceTree = "<group>"; };
		2DBCD85C2710552B007D2806 /* Notes.xcdatamodel */ = {isa = PBXFileReference; lastKnownFileType = wrapper.xcdatamodel; path = Notes.xcdatamodel; sourceTree = "<group>"; };
		2DBCD85E2710552D007D2806 /* Assets.xcassets */ = {isa = PBXFileReference; lastKnownFileType = folder.assetcatalog; path = Assets.xcassets; sourceTree = "<group>"; };
		2DBCD8612710552D007D2806 /* Base */ = {isa = PBXFileReference; lastKnownFileType = file.storyboard; name = Base; path = Base.lproj/LaunchScreen.storyboard; sourceTree = "<group>"; };
		2DBCD8632710552D007D2806 /* Info.plist */ = {isa = PBXFileReference; lastKnownFileType = text.plist.xml; path = Info.plist; sourceTree = "<group>"; };
		2DBCD86A27105910007D2806 /* ListView.swift */ = {isa = PBXFileReference; lastKnownFileType = sourcecode.swift; path = ListView.swift; sourceTree = "<group>"; };
		2DBCD86C27105B32007D2806 /* Constants.swift */ = {isa = PBXFileReference; lastKnownFileType = sourcecode.swift; path = Constants.swift; sourceTree = "<group>"; };
		2DBCD8712710733B007D2806 /* NotesViewController.swift */ = {isa = PBXFileReference; lastKnownFileType = sourcecode.swift; path = NotesViewController.swift; sourceTree = "<group>"; };
		2DBCD87327107389007D2806 /* NotesView.swift */ = {isa = PBXFileReference; lastKnownFileType = sourcecode.swift; path = NotesView.swift; sourceTree = "<group>"; };
		2DBCD87527108C41007D2806 /* SelectedNotesViewController.swift */ = {isa = PBXFileReference; lastKnownFileType = sourcecode.swift; path = SelectedNotesViewController.swift; sourceTree = "<group>"; };
		2DBCD87727108C60007D2806 /* SelectedNotesView.swift */ = {isa = PBXFileReference; lastKnownFileType = sourcecode.swift; path = SelectedNotesView.swift; sourceTree = "<group>"; };
		2DBCD8792710B5CB007D2806 /* CustomCell.swift */ = {isa = PBXFileReference; lastKnownFileType = sourcecode.swift; path = CustomCell.swift; sourceTree = "<group>"; };
		2DBCD87C2710E88C007D2806 /* SearchBarExtension.swift */ = {isa = PBXFileReference; lastKnownFileType = sourcecode.swift; path = SearchBarExtension.swift; sourceTree = "<group>"; };
		2DBCD87E271347E9007D2806 /* DoneButton.swift */ = {isa = PBXFileReference; lastKnownFileType = sourcecode.swift; path = DoneButton.swift; sourceTree = "<group>"; };
		4A10628579952E12DF8216C9 /* Pods-Notes.debug.xcconfig */ = {isa = PBXFileReference; includeInIndex = 1; lastKnownFileType = text.xcconfig; name = "Pods-Notes.debug.xcconfig"; path = "Target Support Files/Pods-Notes/Pods-Notes.debug.xcconfig"; sourceTree = "<group>"; };
/* End PBXFileReference section */

/* Begin PBXFrameworksBuildPhase section */
		2DBCD84C2710552B007D2806 /* Frameworks */ = {
			isa = PBXFrameworksBuildPhase;
			buildActionMask = 2147483647;
			files = (
				B9AC1C533E4BCBF8B3535DF6 /* Pods_Notes.framework in Frameworks */,
			);
			runOnlyForDeploymentPostprocessing = 0;
		};
/* End PBXFrameworksBuildPhase section */

/* Begin PBXGroup section */
		2DBCD8462710552B007D2806 = {
			isa = PBXGroup;
			children = (
				2DBCD8512710552B007D2806 /* Notes */,
				2DBCD8502710552B007D2806 /* Products */,
				A4F30C677480255FC205489B /* Pods */,
				A2A67E6E11400A793D5F7468 /* Frameworks */,
			);
			sourceTree = "<group>";
		};
		2DBCD8502710552B007D2806 /* Products */ = {
			isa = PBXGroup;
			children = (
				2DBCD84F2710552B007D2806 /* Notes.app */,
			);
			name = Products;
			sourceTree = "<group>";
		};
		2DBCD8512710552B007D2806 /* Notes */ = {
			isa = PBXGroup;
			children = (
				2DBCD8522710552B007D2806 /* AppDelegate.swift */,
				2DBCD8542710552B007D2806 /* SceneDelegate.swift */,
				2DBCD87B2710D31B007D2806 /* Model */,
				2DBCD869271058B6007D2806 /* View */,
				2DBCD87027107304007D2806 /* Controller */,
				2DBCD85E2710552D007D2806 /* Assets.xcassets */,
				2DBCD86C27105B32007D2806 /* Constants.swift */,
				2DBCD8602710552D007D2806 /* LaunchScreen.storyboard */,
				2DBCD8632710552D007D2806 /* Info.plist */,
			);
			path = Notes;
			sourceTree = "<group>";
		};
		2DBCD869271058B6007D2806 /* View */ = {
			isa = PBXGroup;
			children = (
				2DBCD86A27105910007D2806 /* ListView.swift */,
				2DBCD87327107389007D2806 /* NotesView.swift */,
				2DBCD87E271347E9007D2806 /* DoneButton.swift */,
				2DBCD87727108C60007D2806 /* SelectedNotesView.swift */,
				2DBCD8792710B5CB007D2806 /* CustomCell.swift */,
				2DBCD8582710552B007D2806 /* Main.storyboard */,
			);
			path = View;
			sourceTree = "<group>";
		};
		2DBCD87027107304007D2806 /* Controller */ = {
			isa = PBXGroup;
			children = (
				2DBCD8562710552B007D2806 /* ViewController.swift */,
				2DBCD87C2710E88C007D2806 /* SearchBarExtension.swift */,
				2DBCD8712710733B007D2806 /* NotesViewController.swift */,
				2DBCD87527108C41007D2806 /* SelectedNotesViewController.swift */,
			);
			name = Controller;
			sourceTree = "<group>";
		};
		2DBCD87B2710D31B007D2806 /* Model */ = {
			isa = PBXGroup;
			children = (
				2DBCD85B2710552B007D2806 /* Notes.xcdatamodeld */,
			);
			path = Model;
			sourceTree = "<group>";
		};
		A2A67E6E11400A793D5F7468 /* Frameworks */ = {
			isa = PBXGroup;
			children = (
				0CC4986E458C77E9A4AC5755 /* Pods_Notes.framework */,
			);
			name = Frameworks;
			sourceTree = "<group>";
		};
		A4F30C677480255FC205489B /* Pods */ = {
			isa = PBXGroup;
			children = (
				4A10628579952E12DF8216C9 /* Pods-Notes.debug.xcconfig */,
				0C3CC277B528F3A4002E73BB /* Pods-Notes.release.xcconfig */,
			);
			path = Pods;
			sourceTree = "<group>";
		};
/* End PBXGroup section */

/* Begin PBXNativeTarget section */
		2DBCD84E2710552B007D2806 /* Notes */ = {
			isa = PBXNativeTarget;
			buildConfigurationList = 2DBCD8662710552D007D2806 /* Build configuration list for PBXNativeTarget "Notes" */;
			buildPhases = (
				963822D51642FA90AC352828 /* [CP] Check Pods Manifest.lock */,
				2DBCD84B2710552B007D2806 /* Sources */,
				2DBCD84C2710552B007D2806 /* Frameworks */,
				2DBCD84D2710552B007D2806 /* Resources */,
				A7271DD2259C29AE27724172 /* [CP] Embed Pods Frameworks */,
			);
			buildRules = (
			);
			dependencies = (
			);
			name = Notes;
			productName = Notes;
			productReference = 2DBCD84F2710552B007D2806 /* Notes.app */;
			productType = "com.apple.product-type.application";
		};
/* End PBXNativeTarget section */

/* Begin PBXProject section */
		2DBCD8472710552B007D2806 /* Project object */ = {
			isa = PBXProject;
			attributes = {
				BuildIndependentTargetsInParallel = 1;
				LastSwiftUpdateCheck = 1300;
				LastUpgradeCheck = 1300;
				TargetAttributes = {
					2DBCD84E2710552B007D2806 = {
						CreatedOnToolsVersion = 13.0;
					};
				};
			};
			buildConfigurationList = 2DBCD84A2710552B007D2806 /* Build configuration list for PBXProject "Notes" */;
			compatibilityVersion = "Xcode 12.0";
			developmentRegion = en;
			hasScannedForEncodings = 0;
			knownRegions = (
				en,
				Base,
			);
			mainGroup = 2DBCD8462710552B007D2806;
			productRefGroup = 2DBCD8502710552B007D2806 /* Products */;
			projectDirPath = "";
			projectRoot = "";
			targets = (
				2DBCD84E2710552B007D2806 /* Notes */,
			);
		};
/* End PBXProject section */

/* Begin PBXResourcesBuildPhase section */
		2DBCD84D2710552B007D2806 /* Resources */ = {
			isa = PBXResourcesBuildPhase;
			buildActionMask = 2147483647;
			files = (
				2DBCD8622710552D007D2806 /* LaunchScreen.storyboard in Resources */,
				2DBCD85F2710552D007D2806 /* Assets.xcassets in Resources */,
				2DBCD85A2710552B007D2806 /* Main.storyboard in Resources */,
			);
			runOnlyForDeploymentPostprocessing = 0;
		};
/* End PBXResourcesBuildPhase section */

/* Begin PBXShellScriptBuildPhase section */
		963822D51642FA90AC352828 /* [CP] Check Pods Manifest.lock */ = {
			isa = PBXShellScriptBuildPhase;
			buildActionMask = 2147483647;
			files = (
			);
			inputFileListPaths = (
			);
			inputPaths = (
				"${PODS_PODFILE_DIR_PATH}/Podfile.lock",
				"${PODS_ROOT}/Manifest.lock",
			);
			name = "[CP] Check Pods Manifest.lock";
			outputFileListPaths = (
			);
			outputPaths = (
				"$(DERIVED_FILE_DIR)/Pods-Notes-checkManifestLockResult.txt",
			);
			runOnlyForDeploymentPostprocessing = 0;
			shellPath = /bin/sh;
			shellScript = "diff \"${PODS_PODFILE_DIR_PATH}/Podfile.lock\" \"${PODS_ROOT}/Manifest.lock\" > /dev/null\nif [ $? != 0 ] ; then\n    # print error to STDERR\n    echo \"error: The sandbox is not in sync with the Podfile.lock. Run 'pod install' or update your CocoaPods installation.\" >&2\n    exit 1\nfi\n# This output is used by Xcode 'outputs' to avoid re-running this script phase.\necho \"SUCCESS\" > \"${SCRIPT_OUTPUT_FILE_0}\"\n";
			showEnvVarsInLog = 0;
		};
		A7271DD2259C29AE27724172 /* [CP] Embed Pods Frameworks */ = {
			isa = PBXShellScriptBuildPhase;
			buildActionMask = 2147483647;
			files = (
			);
			inputFileListPaths = (
				"${PODS_ROOT}/Target Support Files/Pods-Notes/Pods-Notes-frameworks-${CONFIGURATION}-input-files.xcfilelist",
			);
			name = "[CP] Embed Pods Frameworks";
			outputFileListPaths = (
				"${PODS_ROOT}/Target Support Files/Pods-Notes/Pods-Notes-frameworks-${CONFIGURATION}-output-files.xcfilelist",
			);
			runOnlyForDeploymentPostprocessing = 0;
			shellPath = /bin/sh;
			shellScript = "\"${PODS_ROOT}/Target Support Files/Pods-Notes/Pods-Notes-frameworks.sh\"\n";
			showEnvVarsInLog = 0;
		};
/* End PBXShellScriptBuildPhase section */

/* Begin PBXSourcesBuildPhase section */
		2DBCD84B2710552B007D2806 /* Sources */ = {
			isa = PBXSourcesBuildPhase;
			buildActionMask = 2147483647;
			files = (
				2DBCD8572710552B007D2806 /* ViewController.swift in Sources */,
				2DBCD8532710552B007D2806 /* AppDelegate.swift in Sources */,
				2DBCD87A2710B5CB007D2806 /* CustomCell.swift in Sources */,
				2DBCD86B27105910007D2806 /* ListView.swift in Sources */,
				2DBCD8722710733B007D2806 /* NotesViewController.swift in Sources */,
				2DBCD8552710552B007D2806 /* SceneDelegate.swift in Sources */,
				2DBCD85D2710552B007D2806 /* Notes.xcdatamodeld in Sources */,
				2DBCD87F271347E9007D2806 /* DoneButton.swift in Sources */,
				2DBCD87427107389007D2806 /* NotesView.swift in Sources */,
				2DBCD86D27105B32007D2806 /* Constants.swift in Sources */,
				2DBCD87627108C41007D2806 /* SelectedNotesViewController.swift in Sources */,
				2DBCD87827108C60007D2806 /* SelectedNotesView.swift in Sources */,
				2DBCD87D2710E88C007D2806 /* SearchBarExtension.swift in Sources */,
			);
			runOnlyForDeploymentPostprocessing = 0;
		};
/* End PBXSourcesBuildPhase section */

/* Begin PBXVariantGroup section */
		2DBCD8582710552B007D2806 /* Main.storyboard */ = {
			isa = PBXVariantGroup;
			children = (
				2DBCD8592710552B007D2806 /* Base */,
			);
			name = Main.storyboard;
			sourceTree = "<group>";
		};
		2DBCD8602710552D007D2806 /* LaunchScreen.storyboard */ = {
			isa = PBXVariantGroup;
			children = (
				2DBCD8612710552D007D2806 /* Base */,
			);
			name = LaunchScreen.storyboard;
			sourceTree = "<group>";
		};
/* End PBXVariantGroup section */

/* Begin XCBuildConfiguration section */
		2DBCD8642710552D007D2806 /* Debug */ = {
			isa = XCBuildConfiguration;
			buildSettings = {
				ALWAYS_SEARCH_USER_PATHS = NO;
				CLANG_ANALYZER_NONNULL = YES;
				CLANG_ANALYZER_NUMBER_OBJECT_CONVERSION = YES_AGGRESSIVE;
				CLANG_CXX_LANGUAGE_STANDARD = "gnu++17";
				CLANG_CXX_LIBRARY = "libc++";
				CLANG_ENABLE_MODULES = YES;
				CLANG_ENABLE_OBJC_ARC = YES;
				CLANG_ENABLE_OBJC_WEAK = YES;
				CLANG_WARN_BLOCK_CAPTURE_AUTORELEASING = YES;
				CLANG_WARN_BOOL_CONVERSION = YES;
				CLANG_WARN_COMMA = YES;
				CLANG_WARN_CONSTANT_CONVERSION = YES;
				CLANG_WARN_DEPRECATED_OBJC_IMPLEMENTATIONS = YES;
				CLANG_WARN_DIRECT_OBJC_ISA_USAGE = YES_ERROR;
				CLANG_WARN_DOCUMENTATION_COMMENTS = YES;
				CLANG_WARN_EMPTY_BODY = YES;
				CLANG_WARN_ENUM_CONVERSION = YES;
				CLANG_WARN_INFINITE_RECURSION = YES;
				CLANG_WARN_INT_CONVERSION = YES;
				CLANG_WARN_NON_LITERAL_NULL_CONVERSION = YES;
				CLANG_WARN_OBJC_IMPLICIT_RETAIN_SELF = YES;
				CLANG_WARN_OBJC_LITERAL_CONVERSION = YES;
				CLANG_WARN_OBJC_ROOT_CLASS = YES_ERROR;
				CLANG_WARN_QUOTED_INCLUDE_IN_FRAMEWORK_HEADER = YES;
				CLANG_WARN_RANGE_LOOP_ANALYSIS = YES;
				CLANG_WARN_STRICT_PROTOTYPES = YES;
				CLANG_WARN_SUSPICIOUS_MOVE = YES;
				CLANG_WARN_UNGUARDED_AVAILABILITY = YES_AGGRESSIVE;
				CLANG_WARN_UNREACHABLE_CODE = YES;
				CLANG_WARN__DUPLICATE_METHOD_MATCH = YES;
				COPY_PHASE_STRIP = NO;
				DEBUG_INFORMATION_FORMAT = dwarf;
				ENABLE_STRICT_OBJC_MSGSEND = YES;
				ENABLE_TESTABILITY = YES;
				GCC_C_LANGUAGE_STANDARD = gnu11;
				GCC_DYNAMIC_NO_PIC = NO;
				GCC_NO_COMMON_BLOCKS = YES;
				GCC_OPTIMIZATION_LEVEL = 0;
				GCC_PREPROCESSOR_DEFINITIONS = (
					"DEBUG=1",
					"$(inherited)",
				);
				GCC_WARN_64_TO_32_BIT_CONVERSION = YES;
				GCC_WARN_ABOUT_RETURN_TYPE = YES_ERROR;
				GCC_WARN_UNDECLARED_SELECTOR = YES;
				GCC_WARN_UNINITIALIZED_AUTOS = YES_AGGRESSIVE;
				GCC_WARN_UNUSED_FUNCTION = YES;
				GCC_WARN_UNUSED_VARIABLE = YES;
				IPHONEOS_DEPLOYMENT_TARGET = 15.0;
				MTL_ENABLE_DEBUG_INFO = INCLUDE_SOURCE;
				MTL_FAST_MATH = YES;
				ONLY_ACTIVE_ARCH = YES;
				SDKROOT = iphoneos;
				SWIFT_ACTIVE_COMPILATION_CONDITIONS = DEBUG;
				SWIFT_OPTIMIZATION_LEVEL = "-Onone";
			};
			name = Debug;
		};
		2DBCD8652710552D007D2806 /* Release */ = {
			isa = XCBuildConfiguration;
			buildSettings = {
				ALWAYS_SEARCH_USER_PATHS = NO;
				CLANG_ANALYZER_NONNULL = YES;
				CLANG_ANALYZER_NUMBER_OBJECT_CONVERSION = YES_AGGRESSIVE;
				CLANG_CXX_LANGUAGE_STANDARD = "gnu++17";
				CLANG_CXX_LIBRARY = "libc++";
				CLANG_ENABLE_MODULES = YES;
				CLANG_ENABLE_OBJC_ARC = YES;
				CLANG_ENABLE_OBJC_WEAK = YES;
				CLANG_WARN_BLOCK_CAPTURE_AUTORELEASING = YES;
				CLANG_WARN_BOOL_CONVERSION = YES;
				CLANG_WARN_COMMA = YES;
				CLANG_WARN_CONSTANT_CONVERSION = YES;
				CLANG_WARN_DEPRECATED_OBJC_IMPLEMENTATIONS = YES;
				CLANG_WARN_DIRECT_OBJC_ISA_USAGE = YES_ERROR;
				CLANG_WARN_DOCUMENTATION_COMMENTS = YES;
				CLANG_WARN_EMPTY_BODY = YES;
				CLANG_WARN_ENUM_CONVERSION = YES;
				CLANG_WARN_INFINITE_RECURSION = YES;
				CLANG_WARN_INT_CONVERSION = YES;
				CLANG_WARN_NON_LITERAL_NULL_CONVERSION = YES;
				CLANG_WARN_OBJC_IMPLICIT_RETAIN_SELF = YES;
				CLANG_WARN_OBJC_LITERAL_CONVERSION = YES;
				CLANG_WARN_OBJC_ROOT_CLASS = YES_ERROR;
				CLANG_WARN_QUOTED_INCLUDE_IN_FRAMEWORK_HEADER = YES;
				CLANG_WARN_RANGE_LOOP_ANALYSIS = YES;
				CLANG_WARN_STRICT_PROTOTYPES = YES;
				CLANG_WARN_SUSPICIOUS_MOVE = YES;
				CLANG_WARN_UNGUARDED_AVAILABILITY = YES_AGGRESSIVE;
				CLANG_WARN_UNREACHABLE_CODE = YES;
				CLANG_WARN__DUPLICATE_METHOD_MATCH = YES;
				COPY_PHASE_STRIP = NO;
				DEBUG_INFORMATION_FORMAT = "dwarf-with-dsym";
				ENABLE_NS_ASSERTIONS = NO;
				ENABLE_STRICT_OBJC_MSGSEND = YES;
				GCC_C_LANGUAGE_STANDARD = gnu11;
				GCC_NO_COMMON_BLOCKS = YES;
				GCC_WARN_64_TO_32_BIT_CONVERSION = YES;
				GCC_WARN_ABOUT_RETURN_TYPE = YES_ERROR;
				GCC_WARN_UNDECLARED_SELECTOR = YES;
				GCC_WARN_UNINITIALIZED_AUTOS = YES_AGGRESSIVE;
				GCC_WARN_UNUSED_FUNCTION = YES;
				GCC_WARN_UNUSED_VARIABLE = YES;
				IPHONEOS_DEPLOYMENT_TARGET = 15.0;
				MTL_ENABLE_DEBUG_INFO = NO;
				MTL_FAST_MATH = YES;
				SDKROOT = iphoneos;
				SWIFT_COMPILATION_MODE = wholemodule;
				SWIFT_OPTIMIZATION_LEVEL = "-O";
				VALIDATE_PRODUCT = YES;
			};
			name = Release;
		};
		2DBCD8672710552D007D2806 /* Debug */ = {
			isa = XCBuildConfiguration;
			baseConfigurationReference = 4A10628579952E12DF8216C9 /* Pods-Notes.debug.xcconfig */;
			buildSettings = {
				ASSETCATALOG_COMPILER_APPICON_NAME = AppIcon;
				ASSETCATALOG_COMPILER_GLOBAL_ACCENT_COLOR_NAME = AccentColor;
				CODE_SIGN_STYLE = Automatic;
				CURRENT_PROJECT_VERSION = 1;
				DEVELOPMENT_TEAM = RX93WCSR44;
				GENERATE_INFOPLIST_FILE = YES;
				INFOPLIST_FILE = Notes/Info.plist;
				INFOPLIST_KEY_UIApplicationSupportsIndirectInputEvents = YES;
				INFOPLIST_KEY_UILaunchStoryboardName = LaunchScreen;
				INFOPLIST_KEY_UIMainStoryboardFile = Main;
				INFOPLIST_KEY_UISupportedInterfaceOrientations_iPad = "UIInterfaceOrientationPortrait UIInterfaceOrientationPortraitUpsideDown UIInterfaceOrientationLandscapeLeft UIInterfaceOrientationLandscapeRight";
				INFOPLIST_KEY_UISupportedInterfaceOrientations_iPhone = "UIInterfaceOrientationPortrait UIInterfaceOrientationLandscapeLeft UIInterfaceOrientationLandscapeRight";
				IPHONEOS_DEPLOYMENT_TARGET = 14.5;
				LD_RUNPATH_SEARCH_PATHS = (
					"$(inherited)",
					"@executable_path/Frameworks",
				);
				MARKETING_VERSION = 1.0;
				PRODUCT_BUNDLE_IDENTIFIER = phoebeeCauld.Notes;
				PRODUCT_NAME = "$(TARGET_NAME)";
				SWIFT_EMIT_LOC_STRINGS = YES;
				SWIFT_VERSION = 5.0;
				TARGETED_DEVICE_FAMILY = "1,2";
			};
			name = Debug;
		};
		2DBCD8682710552D007D2806 /* Release */ = {
			isa = XCBuildConfiguration;
			baseConfigurationReference = 0C3CC277B528F3A4002E73BB /* Pods-Notes.release.xcconfig */;
			buildSettings = {
				ASSETCATALOG_COMPILER_APPICON_NAME = AppIcon;
				ASSETCATALOG_COMPILER_GLOBAL_ACCENT_COLOR_NAME = AccentColor;
				CODE_SIGN_STYLE = Automatic;
				CURRENT_PROJECT_VERSION = 1;
				DEVELOPMENT_TEAM = RX93WCSR44;
				GENERATE_INFOPLIST_FILE = YES;
				INFOPLIST_FILE = Notes/Info.plist;
				INFOPLIST_KEY_UIApplicationSupportsIndirectInputEvents = YES;
				INFOPLIST_KEY_UILaunchStoryboardName = LaunchScreen;
				INFOPLIST_KEY_UIMainStoryboardFile = Main;
				INFOPLIST_KEY_UISupportedInterfaceOrientations_iPad = "UIInterfaceOrientationPortrait UIInterfaceOrientationPortraitUpsideDown UIInterfaceOrientationLandscapeLeft UIInterfaceOrientationLandscapeRight";
				INFOPLIST_KEY_UISupportedInterfaceOrientations_iPhone = "UIInterfaceOrientationPortrait UIInterfaceOrientationLandscapeLeft UIInterfaceOrientationLandscapeRight";
				IPHONEOS_DEPLOYMENT_TARGET = 14.5;
				LD_RUNPATH_SEARCH_PATHS = (
					"$(inherited)",
					"@executable_path/Frameworks",
				);
				MARKETING_VERSION = 1.0;
				PRODUCT_BUNDLE_IDENTIFIER = phoebeeCauld.Notes;
				PRODUCT_NAME = "$(TARGET_NAME)";
				SWIFT_EMIT_LOC_STRINGS = YES;
				SWIFT_VERSION = 5.0;
				TARGETED_DEVICE_FAMILY = "1,2";
			};
			name = Release;
		};
/* End XCBuildConfiguration section */

/* Begin XCConfigurationList section */
		2DBCD84A2710552B007D2806 /* Build configuration list for PBXProject "Notes" */ = {
			isa = XCConfigurationList;
			buildConfigurations = (
				2DBCD8642710552D007D2806 /* Debug */,
				2DBCD8652710552D007D2806 /* Release */,
			);
			defaultConfigurationIsVisible = 0;
			defaultConfigurationName = Release;
		};
		2DBCD8662710552D007D2806 /* Build configuration list for PBXNativeTarget "Notes" */ = {
			isa = XCConfigurationList;
			buildConfigurations = (
				2DBCD8672710552D007D2806 /* Debug */,
				2DBCD8682710552D007D2806 /* Release */,
			);
			defaultConfigurationIsVisible = 0;
			defaultConfigurationName = Release;
		};
/* End XCConfigurationList section */

/* Begin XCVersionGroup section */
		2DBCD85B2710552B007D2806 /* Notes.xcdatamodeld */ = {
			isa = XCVersionGroup;
			children = (
				2DBCD85C2710552B007D2806 /* Notes.xcdatamodel */,
			);
			currentVersion = 2DBCD85C2710552B007D2806 /* Notes.xcdatamodel */;
			path = Notes.xcdatamodeld;
			sourceTree = "<group>";
			versionGroupType = wrapper.xcdatamodel;
		};
/* End XCVersionGroup section */
	};
	rootObject = 2DBCD8472710552B007D2806 /* Project object */;
}
